
Microsoft Visual Studio Solution File, Format Version 12.00
# Visual Studio 15
VisualStudioVersion = 15.0.28010.2036
MinimumVisualStudioVersion = 10.0.40219.1
Project("{FAE04EC0-301F-11D3-BF4B-00C04F79EFBC}") = "Zadanie1", "Zadanie1\Zadanie1.csproj", "{3E8C4ADC-5173-4438-B291-AF357A81992F}"
EndProject
Project("{FAE04EC0-301F-11D3-BF4B-00C04F79EFBC}") = "Zadanie2", "Zadanie2\Zadanie2.csproj", "{AFA328EF-7EB9-487E-A0CF-6D293560DABA}"
EndProject
Project("{FAE04EC0-301F-11D3-BF4B-00C04F79EFBC}") = "Zadanie3", "Zadanie3\Zadanie3.csproj", "{9D505B0C-7A28-435B-A410-8132D155291A}"
EndProject
Project("{FAE04EC0-301F-11D3-BF4B-00C04F79EFBC}") = "Zadanie4", "Zadanie4\Zadanie4.csproj", "{E3B14E99-4E24-4124-A05D-F6C7D728E68F}"
EndProject
Project("{FAE04EC0-301F-11D3-BF4B-00C04F79EFBC}") = "Zadanie5", "Zadanie5\Zadanie5.csproj", "{9CFDE829-3FE1-4C69-B668-A29792C3FACE}"
EndProject
Project("{FAE04EC0-301F-11D3-BF4B-00C04F79EFBC}") = "Testowanie", "Testowanie\Testowanie.csproj", "{5F33B7DB-408A-4E70-9BE3-D9D2F39752C2}"
EndProject
Project("{FAE04EC0-301F-11D3-BF4B-00C04F79EFBC}") = "Zadanie6", "Zadanie6\Zadanie6.csproj", "{ABB060FA-9F10-41B2-BA0A-675C0D6AF3C8}"
EndProject
Project("{FAE04EC0-301F-11D3-BF4B-00C04F79EFBC}") = "Zadanie7", "Zadanie7\Zadanie7.csproj", "{8BD41D53-5DF7-481A-93FE-CAE453D6E32A}"
EndProject
Project("{FAE04EC0-301F-11D3-BF4B-00C04F79EFBC}") = "Zadanie9", "Zadanie9\Zadanie9.csproj", "{12FB2315-6AA2-4DCD-88F8-3EAF0B19C2FE}"
EndProject
Project("{FAE04EC0-301F-11D3-BF4B-00C04F79EFBC}") = "Zadanie11", "Zadanie10\Zadanie11.csproj", "{B5B6A23B-57F3-44A5-9241-96688EFE7A11}"
EndProject
Project("{FAE04EC0-301F-11D3-BF4B-00C04F79EFBC}") = "Zadanie10_1", "Zadanie10_1\Zadanie10_1.csproj", "{F4AE1607-BA36-4333-A06A-C14F0314F3AF}"
EndProject
Project("{FAE04EC0-301F-11D3-BF4B-00C04F79EFBC}") = "Zadanie12", "Zadanie12\Zadanie12.csproj", "{8BFC5313-B939-492C-A862-9A8B48B269B5}"
EndProject
Project("{FAE04EC0-301F-11D3-BF4B-00C04F79EFBC}") = "Zadanie14", "Zadanie14\Zadanie14.csproj", "{3C383D22-9179-4042-9C6B-2537CA25425E}"
EndProject
Global
	GlobalSection(SolutionConfigurationPlatforms) = preSolution
		Debug|Any CPU = Debug|Any CPU
		Release|Any CPU = Release|Any CPU
	EndGlobalSection
	GlobalSection(ProjectConfigurationPlatforms) = postSolution
		{3E8C4ADC-5173-4438-B291-AF357A81992F}.Debug|Any CPU.ActiveCfg = Debug|Any CPU
		{3E8C4ADC-5173-4438-B291-AF357A81992F}.Debug|Any CPU.Build.0 = Debug|Any CPU
		{3E8C4ADC-5173-4438-B291-AF357A81992F}.Release|Any CPU.ActiveCfg = Release|Any CPU
		{3E8C4ADC-5173-4438-B291-AF357A81992F}.Release|Any CPU.Build.0 = Release|Any CPU
		{AFA328EF-7EB9-487E-A0CF-6D293560DABA}.Debug|Any CPU.ActiveCfg = Debug|Any CPU
		{AFA328EF-7EB9-487E-A0CF-6D293560DABA}.Debug|Any CPU.Build.0 = Debug|Any CPU
		{AFA328EF-7EB9-487E-A0CF-6D293560DABA}.Release|Any CPU.ActiveCfg = Release|Any CPU
		{AFA328EF-7EB9-487E-A0CF-6D293560DABA}.Release|Any CPU.Build.0 = Release|Any CPU
		{9D505B0C-7A28-435B-A410-8132D155291A}.Debug|Any CPU.ActiveCfg = Debug|Any CPU
		{9D505B0C-7A28-435B-A410-8132D155291A}.Debug|Any CPU.Build.0 = Debug|Any CPU
		{9D505B0C-7A28-435B-A410-8132D155291A}.Release|Any CPU.ActiveCfg = Release|Any CPU
		{9D505B0C-7A28-435B-A410-8132D155291A}.Release|Any CPU.Build.0 = Release|Any CPU
		{E3B14E99-4E24-4124-A05D-F6C7D728E68F}.Debug|Any CPU.ActiveCfg = Debug|Any CPU
		{E3B14E99-4E24-4124-A05D-F6C7D728E68F}.Debug|Any CPU.Build.0 = Debug|Any CPU
		{E3B14E99-4E24-4124-A05D-F6C7D728E68F}.Release|Any CPU.ActiveCfg = Release|Any CPU
		{E3B14E99-4E24-4124-A05D-F6C7D728E68F}.Release|Any CPU.Build.0 = Release|Any CPU
		{9CFDE829-3FE1-4C69-B668-A29792C3FACE}.Debug|Any CPU.ActiveCfg = Debug|Any CPU
		{9CFDE829-3FE1-4C69-B668-A29792C3FACE}.Debug|Any CPU.Build.0 = Debug|Any CPU
		{9CFDE829-3FE1-4C69-B668-A29792C3FACE}.Release|Any CPU.ActiveCfg = Release|Any CPU
		{9CFDE829-3FE1-4C69-B668-A29792C3FACE}.Release|Any CPU.Build.0 = Release|Any CPU
		{5F33B7DB-408A-4E70-9BE3-D9D2F39752C2}.Debug|Any CPU.ActiveCfg = Debug|Any CPU
		{5F33B7DB-408A-4E70-9BE3-D9D2F39752C2}.Debug|Any CPU.Build.0 = Debug|Any CPU
		{5F33B7DB-408A-4E70-9BE3-D9D2F39752C2}.Release|Any CPU.ActiveCfg = Release|Any CPU
		{5F33B7DB-408A-4E70-9BE3-D9D2F39752C2}.Release|Any CPU.Build.0 = Release|Any CPU
		{ABB060FA-9F10-41B2-BA0A-675C0D6AF3C8}.Debug|Any CPU.ActiveCfg = Debug|Any CPU
		{ABB060FA-9F10-41B2-BA0A-675C0D6AF3C8}.Debug|Any CPU.Build.0 = Debug|Any CPU
		{ABB060FA-9F10-41B2-BA0A-675C0D6AF3C8}.Release|Any CPU.ActiveCfg = Release|Any CPU
		{ABB060FA-9F10-41B2-BA0A-675C0D6AF3C8}.Release|Any CPU.Build.0 = Release|Any CPU
		{8BD41D53-5DF7-481A-93FE-CAE453D6E32A}.Debug|Any CPU.ActiveCfg = Debug|Any CPU
		{8BD41D53-5DF7-481A-93FE-CAE453D6E32A}.Debug|Any CPU.Build.0 = Debug|Any CPU
		{8BD41D53-5DF7-481A-93FE-CAE453D6E32A}.Release|Any CPU.ActiveCfg = Release|Any CPU
		{8BD41D53-5DF7-481A-93FE-CAE453D6E32A}.Release|Any CPU.Build.0 = Release|Any CPU
		{12FB2315-6AA2-4DCD-88F8-3EAF0B19C2FE}.Debug|Any CPU.ActiveCfg = Debug|Any CPU
		{12FB2315-6AA2-4DCD-88F8-3EAF0B19C2FE}.Debug|Any CPU.Build.0 = Debug|Any CPU
		{12FB2315-6AA2-4DCD-88F8-3EAF0B19C2FE}.Release|Any CPU.ActiveCfg = Release|Any CPU
		{12FB2315-6AA2-4DCD-88F8-3EAF0B19C2FE}.Release|Any CPU.Build.0 = Release|Any CPU
		{B5B6A23B-57F3-44A5-9241-96688EFE7A11}.Debug|Any CPU.ActiveCfg = Debug|Any CPU
		{B5B6A23B-57F3-44A5-9241-96688EFE7A11}.Debug|Any CPU.Build.0 = Debug|Any CPU
		{B5B6A23B-57F3-44A5-9241-96688EFE7A11}.Release|Any CPU.ActiveCfg = Release|Any CPU
		{B5B6A23B-57F3-44A5-9241-96688EFE7A11}.Release|Any CPU.Build.0 = Release|Any CPU
		{F4AE1607-BA36-4333-A06A-C14F0314F3AF}.Debug|Any CPU.ActiveCfg = Debug|Any CPU
		{F4AE1607-BA36-4333-A06A-C14F0314F3AF}.Debug|Any CPU.Build.0 = Debug|Any CPU
		{F4AE1607-BA36-4333-A06A-C14F0314F3AF}.Release|Any CPU.ActiveCfg = Release|Any CPU
		{F4AE1607-BA36-4333-A06A-C14F0314F3AF}.Release|Any CPU.Build.0 = Release|Any CPU
		{8BFC5313-B939-492C-A862-9A8B48B269B5}.Debug|Any CPU.ActiveCfg = Debug|Any CPU
		{8BFC5313-B939-492C-A862-9A8B48B269B5}.Debug|Any CPU.Build.0 = Debug|Any CPU
		{8BFC5313-B939-492C-A862-9A8B48B269B5}.Release|Any CPU.ActiveCfg = Release|Any CPU
		{8BFC5313-B939-492C-A862-9A8B48B269B5}.Release|Any CPU.Build.0 = Release|Any CPU
		{3C383D22-9179-4042-9C6B-2537CA25425E}.Debug|Any CPU.ActiveCfg = Debug|Any CPU
		{3C383D22-9179-4042-9C6B-2537CA25425E}.Debug|Any CPU.Build.0 = Debug|Any CPU
		{3C383D22-9179-4042-9C6B-2537CA25425E}.Release|Any CPU.ActiveCfg = Release|Any CPU
		{3C383D22-9179-4042-9C6B-2537CA25425E}.Release|Any CPU.Build.0 = Release|Any CPU
	EndGlobalSection
	GlobalSection(SolutionProperties) = preSolution
		HideSolutionNode = FALSE
	EndGlobalSection
	GlobalSection(ExtensibilityGlobals) = postSolution
		SolutionGuid = {F3BE28D5-3166-4A9B-B76C-113E5DA4ACBD}
	EndGlobalSection
EndGlobal
